
Microsoft Visual Studio Solution File, Format Version 12.00
Project("{FAE04EC0-301F-11D3-BF4B-00C04F79EFBC}") = "DotsAndBoxes", "DotsAndBoxes\DotsAndBoxes.csproj", "{44B2DAAF-E892-470E-B9CF-422BBB75CC9F}"
EndProject
Project("{FAE04EC0-301F-11D3-BF4B-00C04F79EFBC}") = "DotsAndBoxesLib", "DotsAndBoxesLib\DotsAndBoxesLib.csproj", "{C6816B10-0F9D-43DE-8400-50E43B8845EC}"
EndProject
Global
	GlobalSection(SolutionConfigurationPlatforms) = preSolution
		Debug|Any CPU = Debug|Any CPU
		Release|Any CPU = Release|Any CPU
	EndGlobalSection
	GlobalSection(ProjectConfigurationPlatforms) = postSolution
		{44B2DAAF-E892-470E-B9CF-422BBB75CC9F}.Debug|Any CPU.ActiveCfg = Debug|Any CPU
		{44B2DAAF-E892-470E-B9CF-422BBB75CC9F}.Debug|Any CPU.Build.0 = Debug|Any CPU
		{44B2DAAF-E892-470E-B9CF-422BBB75CC9F}.Release|Any CPU.ActiveCfg = Release|Any CPU
		{44B2DAAF-E892-470E-B9CF-422BBB75CC9F}.Release|Any CPU.Build.0 = Release|Any CPU
		{C6816B10-0F9D-43DE-8400-50E43B8845EC}.Debug|Any CPU.ActiveCfg = Debug|Any CPU
		{C6816B10-0F9D-43DE-8400-50E43B8845EC}.Debug|Any CPU.Build.0 = Debug|Any CPU
		{C6816B10-0F9D-43DE-8400-50E43B8845EC}.Release|Any CPU.ActiveCfg = Release|Any CPU
		{C6816B10-0F9D-43DE-8400-50E43B8845EC}.Release|Any CPU.Build.0 = Release|Any CPU
	EndGlobalSection
EndGlobal
